
Microsoft Visual Studio Solution File, Format Version 12.00
# Visual Studio Version 16
VisualStudioVersion = 16.0.32002.261
MinimumVisualStudioVersion = 10.0.40219.1
Project("{FAE04EC0-301F-11D3-BF4B-00C04F79EFBC}") = "classes 2.1", "classes 2.1\classes 2.1.csproj", "{490DF4E9-3251-4545-9604-49F0BE9E4656}"
EndProject
Global
	GlobalSection(SolutionConfigurationPlatforms) = preSolution
		Debug|Any CPU = Debug|Any CPU
		Release|Any CPU = Release|Any CPU
	EndGlobalSection
	GlobalSection(ProjectConfigurationPlatforms) = postSolution
		{490DF4E9-3251-4545-9604-49F0BE9E4656}.Debug|Any CPU.ActiveCfg = Debug|Any CPU
		{490DF4E9-3251-4545-9604-49F0BE9E4656}.Debug|Any CPU.Build.0 = Debug|Any CPU
		{490DF4E9-3251-4545-9604-49F0BE9E4656}.Release|Any CPU.ActiveCfg = Release|Any CPU
		{490DF4E9-3251-4545-9604-49F0BE9E4656}.Release|Any CPU.Build.0 = Release|Any CPU
	EndGlobalSection
	GlobalSection(SolutionProperties) = preSolution
		HideSolutionNode = FALSE
	EndGlobalSection
	GlobalSection(ExtensibilityGlobals) = postSolution
		SolutionGuid = {30276DB6-7210-46DA-99C4-5DACC5DBB902}
	EndGlobalSection
EndGlobal
